# THIS IS AN AUTOGENERATED FILE. DO NOT EDIT THIS FILE DIRECTLY.
# yarn lockfile v1


dogeify-js@^1.1.0:
  version "1.1.0"
  resolved "https://registry.yarnpkg.com/dogeify-js/-/dogeify-js-1.1.0.tgz#c176614b12b039edefb70ce6324c934c4cc11106"
  integrity sha512-V9WFYszyEEciGMg5CoeVlAhQoz7rDOP6pw9E3q6mouBAZ66Gn5Z7v2aSTa9r3tYId9kOcL0kaC19SBILQCtfXQ==
  dependencies:
    pos "^0.4.2"

pos@^0.4.2:
  version "0.4.2"
  resolved "https://registry.yarnpkg.com/pos/-/pos-0.4.2.tgz#20e9c77fbeedcc356823cea63c7585cace93be2a"
  integrity sha1-IOnHf77tzDVoI86mPHWFys6Tvio=
